// !$*UTF8*$!
{
	archiveVersion = 1;
	classes = {
	};
	objectVersion = 51;
	objects = {

/* Begin PBXBuildFile section */
		8B08716D228DDA6800D13059 /* AppDelegate.swift in Sources */ = {isa = PBXBuildFile; fileRef = 8B08716C228DDA6800D13059 /* AppDelegate.swift */; };
		8B08716F228DDA6800D13059 /* FirstViewController.swift in Sources */ = {isa = PBXBuildFile; fileRef = 8B08716E228DDA6800D13059 /* FirstViewController.swift */; };
		8B087171228DDA6800D13059 /* SecondViewController.swift in Sources */ = {isa = PBXBuildFile; fileRef = 8B087170228DDA6800D13059 /* SecondViewController.swift */; };
		8B087174228DDA6800D13059 /* Main.storyboard in Resources */ = {isa = PBXBuildFile; fileRef = 8B087172228DDA6800D13059 /* Main.storyboard */; };
		8B087176228DDA7E00D13059 /* Assets.xcassets in Resources */ = {isa = PBXBuildFile; fileRef = 8B087175228DDA7E00D13059 /* Assets.xcassets */; };
		8B087179228DDA7E00D13059 /* LaunchScreen.storyboard in Resources */ = {isa = PBXBuildFile; fileRef = 8B087177228DDA7E00D13059 /* LaunchScreen.storyboard */; };
		8B08719D228E248100D13059 /* ThirdViewController.swift in Sources */ = {isa = PBXBuildFile; fileRef = 8B08719C228E248100D13059 /* ThirdViewController.swift */; };
		8B08719F228E249200D13059 /* FourthViewController.swift in Sources */ = {isa = PBXBuildFile; fileRef = 8B08719E228E249200D13059 /* FourthViewController.swift */; };
		8B11529522E08A4400A01214 /* xCityModel.swift in Sources */ = {isa = PBXBuildFile; fileRef = 8B11529022E08A4400A01214 /* xCityModel.swift */; };
		8B2CDE2122DD4346006682B4 /* Feature.swift in Sources */ = {isa = PBXBuildFile; fileRef = 8B2CDE2022DD4346006682B4 /* Feature.swift */; };
		8B2CDE2322DD468C006682B4 /* NetworkRequest.swift in Sources */ = {isa = PBXBuildFile; fileRef = 8B2CDE2222DD468C006682B4 /* NetworkRequest.swift */; };
		8B2CDE2522DD56E1006682B4 /* featureViewController.swift in Sources */ = {isa = PBXBuildFile; fileRef = 8B2CDE2422DD56E1006682B4 /* featureViewController.swift */; };
		8B2CDE2722DE6627006682B4 /* StartViewController.swift in Sources */ = {isa = PBXBuildFile; fileRef = 8B2CDE2622DE6627006682B4 /* StartViewController.swift */; };
		8B2CDE2922DE6645006682B4 /* RegisterViewController.swift in Sources */ = {isa = PBXBuildFile; fileRef = 8B2CDE2822DE6645006682B4 /* RegisterViewController.swift */; };
		8B3AE49122DE6EB900FEC49D /* GoogleService-Info.plist in Resources */ = {isa = PBXBuildFile; fileRef = 8B3AE49022DE6EB900FEC49D /* GoogleService-Info.plist */; };
		8B55DEE422D7D7D70010A004 /* featuresViewController.swift in Sources */ = {isa = PBXBuildFile; fileRef = 8B55DEE322D7D7D70010A004 /* featuresViewController.swift */; };
		8B55DEE622D7E9FA0010A004 /* featureDetailController.swift in Sources */ = {isa = PBXBuildFile; fileRef = 8B55DEE522D7E9FA0010A004 /* featureDetailController.swift */; };
		8B6E333F22C85BCC009A626F /* LoginViewController.swift in Sources */ = {isa = PBXBuildFile; fileRef = 8B6E333E22C85BCC009A626F /* LoginViewController.swift */; };
		8B7F2E3822CB0FAF003E5DDC /* CityMapViewController.swift in Sources */ = {isa = PBXBuildFile; fileRef = 8B7F2E3722CB0FAF003E5DDC /* CityMapViewController.swift */; };
		8B7F2E3C22CB10CA003E5DDC /* CityListViewController.swift in Sources */ = {isa = PBXBuildFile; fileRef = 8B7F2E3B22CB10CA003E5DDC /* CityListViewController.swift */; };
		8B81F16022A05FB2005F4229 /* CityModel.swift in Sources */ = {isa = PBXBuildFile; fileRef = 8B81F15F22A05FB2005F4229 /* CityModel.swift */; };
		8B81F16822A06B6F005F4229 /* CityViewController.swift in Sources */ = {isa = PBXBuildFile; fileRef = 8B81F16722A06B6F005F4229 /* CityViewController.swift */; };
		8B83F62322947EF2008C2623 /* HomeModel.swift in Sources */ = {isa = PBXBuildFile; fileRef = 8B83F62222947EF2008C2623 /* HomeModel.swift */; };
		8B83F62522947F0A008C2623 /* LocationModel.swift in Sources */ = {isa = PBXBuildFile; fileRef = 8B83F62422947F0A008C2623 /* LocationModel.swift */; };
		8B94B5A9229642C500330E79 /* DetailViewController.swift in Sources */ = {isa = PBXBuildFile; fileRef = 8B94B5A8229642C500330E79 /* DetailViewController.swift */; };
		8B94B5AC2296436A00330E79 /* MapKit.framework in Frameworks */ = {isa = PBXBuildFile; fileRef = 8B94B5AB2296436900330E79 /* MapKit.framework */; };
		8B94B5AE2296712100330E79 /* ZeroViewController.swift in Sources */ = {isa = PBXBuildFile; fileRef = 8B94B5AD2296712100330E79 /* ZeroViewController.swift */; };
		8B94B5B12297481B00330E79 /* AuthenticationServices.framework in Frameworks */ = {isa = PBXBuildFile; fileRef = 8B94B5B02297481B00330E79 /* AuthenticationServices.framework */; };
		8B94B5B32297482D00330E79 /* PassKit.framework in Frameworks */ = {isa = PBXBuildFile; fileRef = 8B94B5B22297482D00330E79 /* PassKit.framework */; };
		8BA9D14922A0753D007D6827 /* LeagueModel.swift in Sources */ = {isa = PBXBuildFile; fileRef = 8BA9D14822A0753D007D6827 /* LeagueModel.swift */; };
		8BB83F5E22E05F1100FAED01 /* QuestionListViewData.swift in Sources */ = {isa = PBXBuildFile; fileRef = 8BB83F5D22E05F1100FAED01 /* QuestionListViewData.swift */; };
		8BB83F6022E065AB00FAED01 /* QuestionListViewModel.swift in Sources */ = {isa = PBXBuildFile; fileRef = 8BB83F5F22E065AB00FAED01 /* QuestionListViewModel.swift */; };
		8BC87BDF22D54DDE00514CA6 /* featureModel.swift in Sources */ = {isa = PBXBuildFile; fileRef = 8BC87BDE22D54DDE00514CA6 /* featureModel.swift */; };
		8BC87BE122D6EACF00514CA6 /* featureSetModel.swift in Sources */ = {isa = PBXBuildFile; fileRef = 8BC87BE022D6EACF00514CA6 /* featureSetModel.swift */; };
		8BDDDEAF22DFB31600A63611 /* boardsViewController.swift in Sources */ = {isa = PBXBuildFile; fileRef = 8BDDDEAE22DFB31600A63611 /* boardsViewController.swift */; };
		8BF19D6A22978E1D006338E7 /* CosmosDistrib.swift in Sources */ = {isa = PBXBuildFile; fileRef = 8BF19D6922978E1D006338E7 /* CosmosDistrib.swift */; };
		8BFA6B3722E002C600F5C62A /* QuestionListViewController.swift in Sources */ = {isa = PBXBuildFile; fileRef = 8BFA6B3622E002C600F5C62A /* QuestionListViewController.swift */; };
		B6182A5285B13AA7B14E9AB5 /* Pods_TheAthletesGuide.framework in Frameworks */ = {isa = PBXBuildFile; fileRef = FE7DC7136A8F64B91F5956BA /* Pods_TheAthletesGuide.framework */; };
/* End PBXBuildFile section */

/* Begin PBXFileReference section */
		547CF2C27617DB0938BFB97F /* Pods-TheAthletesGuide.release.xcconfig */ = {isa = PBXFileReference; includeInIndex = 1; lastKnownFileType = text.xcconfig; name = "Pods-TheAthletesGuide.release.xcconfig"; path = "Target Support Files/Pods-TheAthletesGuide/Pods-TheAthletesGuide.release.xcconfig"; sourceTree = "<group>"; };
		8B087169228DDA6800D13059 /* TheAthletesGuide.app */ = {isa = PBXFileReference; explicitFileType = wrapper.application; includeInIndex = 0; path = TheAthletesGuide.app; sourceTree = BUILT_PRODUCTS_DIR; };
		8B08716C228DDA6800D13059 /* AppDelegate.swift */ = {isa = PBXFileReference; lastKnownFileType = sourcecode.swift; path = AppDelegate.swift; sourceTree = "<group>"; };
		8B08716E228DDA6800D13059 /* FirstViewController.swift */ = {isa = PBXFileReference; lastKnownFileType = sourcecode.swift; path = FirstViewController.swift; sourceTree = "<group>"; };
		8B087170228DDA6800D13059 /* SecondViewController.swift */ = {isa = PBXFileReference; lastKnownFileType = sourcecode.swift; path = SecondViewController.swift; sourceTree = "<group>"; };
		8B087173228DDA6800D13059 /* Base */ = {isa = PBXFileReference; lastKnownFileType = file.storyboard; name = Base; path = Base.lproj/Main.storyboard; sourceTree = "<group>"; };
		8B087175228DDA7E00D13059 /* Assets.xcassets */ = {isa = PBXFileReference; lastKnownFileType = folder.assetcatalog; path = Assets.xcassets; sourceTree = "<group>"; };
		8B087178228DDA7E00D13059 /* Base */ = {isa = PBXFileReference; lastKnownFileType = file.storyboard; name = Base; path = Base.lproj/LaunchScreen.storyboard; sourceTree = "<group>"; };
		8B08717A228DDA7E00D13059 /* Info.plist */ = {isa = PBXFileReference; lastKnownFileType = text.plist.xml; path = Info.plist; sourceTree = "<group>"; };
		8B08719C228E248100D13059 /* ThirdViewController.swift */ = {isa = PBXFileReference; lastKnownFileType = sourcecode.swift; path = ThirdViewController.swift; sourceTree = "<group>"; };
		8B08719E228E249200D13059 /* FourthViewController.swift */ = {isa = PBXFileReference; lastKnownFileType = sourcecode.swift; path = FourthViewController.swift; sourceTree = "<group>"; };
		8B11529022E08A4400A01214 /* xCityModel.swift */ = {isa = PBXFileReference; fileEncoding = 4; lastKnownFileType = sourcecode.swift; path = xCityModel.swift; sourceTree = "<group>"; };
		8B11529922E08B8200A01214 /* FirebaseAuth.framework */ = {isa = PBXFileReference; explicitFileType = wrapper.framework; path = FirebaseAuth.framework; sourceTree = BUILT_PRODUCTS_DIR; };
		8B11529B22E08B8200A01214 /* FirebaseCore.framework */ = {isa = PBXFileReference; explicitFileType = wrapper.framework; path = FirebaseCore.framework; sourceTree = BUILT_PRODUCTS_DIR; };
		8B11529D22E08B8200A01214 /* FirebaseFirestore.framework */ = {isa = PBXFileReference; explicitFileType = wrapper.framework; path = FirebaseFirestore.framework; sourceTree = BUILT_PRODUCTS_DIR; };
		8B2CDE2022DD4346006682B4 /* Feature.swift */ = {isa = PBXFileReference; lastKnownFileType = sourcecode.swift; path = Feature.swift; sourceTree = "<group>"; };
		8B2CDE2222DD468C006682B4 /* NetworkRequest.swift */ = {isa = PBXFileReference; lastKnownFileType = sourcecode.swift; path = NetworkRequest.swift; sourceTree = "<group>"; };
		8B2CDE2422DD56E1006682B4 /* featureViewController.swift */ = {isa = PBXFileReference; lastKnownFileType = sourcecode.swift; path = featureViewController.swift; sourceTree = "<group>"; };
		8B2CDE2622DE6627006682B4 /* StartViewController.swift */ = {isa = PBXFileReference; lastKnownFileType = sourcecode.swift; path = StartViewController.swift; sourceTree = "<group>"; };
		8B2CDE2822DE6645006682B4 /* RegisterViewController.swift */ = {isa = PBXFileReference; lastKnownFileType = sourcecode.swift; path = RegisterViewController.swift; sourceTree = "<group>"; };
		8B3AE49022DE6EB900FEC49D /* GoogleService-Info.plist */ = {isa = PBXFileReference; fileEncoding = 4; lastKnownFileType = text.plist.xml; path = "GoogleService-Info.plist"; sourceTree = "<group>"; };
		8B55DEE322D7D7D70010A004 /* featuresViewController.swift */ = {isa = PBXFileReference; lastKnownFileType = sourcecode.swift; path = featuresViewController.swift; sourceTree = "<group>"; };
		8B55DEE522D7E9FA0010A004 /* featureDetailController.swift */ = {isa = PBXFileReference; lastKnownFileType = sourcecode.swift; path = featureDetailController.swift; sourceTree = "<group>"; };
		8B6E333E22C85BCC009A626F /* LoginViewController.swift */ = {isa = PBXFileReference; lastKnownFileType = sourcecode.swift; path = LoginViewController.swift; sourceTree = "<group>"; };
		8B7F2E3722CB0FAF003E5DDC /* CityMapViewController.swift */ = {isa = PBXFileReference; lastKnownFileType = sourcecode.swift; path = CityMapViewController.swift; sourceTree = "<group>"; };
		8B7F2E3B22CB10CA003E5DDC /* CityListViewController.swift */ = {isa = PBXFileReference; lastKnownFileType = sourcecode.swift; path = CityListViewController.swift; sourceTree = "<group>"; };
		8B81F15F22A05FB2005F4229 /* CityModel.swift */ = {isa = PBXFileReference; lastKnownFileType = sourcecode.swift; path = CityModel.swift; sourceTree = "<group>"; };
		8B81F16722A06B6F005F4229 /* CityViewController.swift */ = {isa = PBXFileReference; lastKnownFileType = sourcecode.swift; path = CityViewController.swift; sourceTree = "<group>"; };
		8B83F62222947EF2008C2623 /* HomeModel.swift */ = {isa = PBXFileReference; lastKnownFileType = sourcecode.swift; path = HomeModel.swift; sourceTree = "<group>"; };
		8B83F62422947F0A008C2623 /* LocationModel.swift */ = {isa = PBXFileReference; lastKnownFileType = sourcecode.swift; path = LocationModel.swift; sourceTree = "<group>"; };
		8B94B5A8229642C500330E79 /* DetailViewController.swift */ = {isa = PBXFileReference; lastKnownFileType = sourcecode.swift; path = DetailViewController.swift; sourceTree = "<group>"; };
		8B94B5AB2296436900330E79 /* MapKit.framework */ = {isa = PBXFileReference; lastKnownFileType = wrapper.framework; name = MapKit.framework; path = System/Library/Frameworks/MapKit.framework; sourceTree = SDKROOT; };
		8B94B5AD2296712100330E79 /* ZeroViewController.swift */ = {isa = PBXFileReference; lastKnownFileType = sourcecode.swift; path = ZeroViewController.swift; sourceTree = "<group>"; };
		8B94B5AF2297481400330E79 /* TheAthletesGuide.entitlements */ = {isa = PBXFileReference; lastKnownFileType = text.plist.entitlements; path = TheAthletesGuide.entitlements; sourceTree = "<group>"; };
		8B94B5B02297481B00330E79 /* AuthenticationServices.framework */ = {isa = PBXFileReference; lastKnownFileType = wrapper.framework; name = AuthenticationServices.framework; path = System/Library/Frameworks/AuthenticationServices.framework; sourceTree = SDKROOT; };
		8B94B5B22297482D00330E79 /* PassKit.framework */ = {isa = PBXFileReference; lastKnownFileType = wrapper.framework; name = PassKit.framework; path = System/Library/Frameworks/PassKit.framework; sourceTree = SDKROOT; };
		8BA9D14822A0753D007D6827 /* LeagueModel.swift */ = {isa = PBXFileReference; lastKnownFileType = sourcecode.swift; path = LeagueModel.swift; sourceTree = "<group>"; };
		8BB83F5D22E05F1100FAED01 /* QuestionListViewData.swift */ = {isa = PBXFileReference; lastKnownFileType = sourcecode.swift; path = QuestionListViewData.swift; sourceTree = "<group>"; };
		8BB83F5F22E065AB00FAED01 /* QuestionListViewModel.swift */ = {isa = PBXFileReference; fileEncoding = 4; lastKnownFileType = sourcecode.swift; path = QuestionListViewModel.swift; sourceTree = "<group>"; };
		8BC87BDE22D54DDE00514CA6 /* featureModel.swift */ = {isa = PBXFileReference; lastKnownFileType = sourcecode.swift; path = featureModel.swift; sourceTree = "<group>"; };
		8BC87BE022D6EACF00514CA6 /* featureSetModel.swift */ = {isa = PBXFileReference; lastKnownFileType = sourcecode.swift; path = featureSetModel.swift; sourceTree = "<group>"; };
		8BDDDEAE22DFB31600A63611 /* boardsViewController.swift */ = {isa = PBXFileReference; lastKnownFileType = sourcecode.swift; path = boardsViewController.swift; sourceTree = "<group>"; };
		8BF19D6922978E1D006338E7 /* CosmosDistrib.swift */ = {isa = PBXFileReference; fileEncoding = 4; lastKnownFileType = sourcecode.swift; path = CosmosDistrib.swift; sourceTree = "<group>"; };
		8BFA6B3622E002C600F5C62A /* QuestionListViewController.swift */ = {isa = PBXFileReference; lastKnownFileType = sourcecode.swift; path = QuestionListViewController.swift; sourceTree = "<group>"; };
		E3632731CA4B5639F71B3CC6 /* Pods-TheAthletesGuide.debug.xcconfig */ = {isa = PBXFileReference; includeInIndex = 1; lastKnownFileType = text.xcconfig; name = "Pods-TheAthletesGuide.debug.xcconfig"; path = "Target Support Files/Pods-TheAthletesGuide/Pods-TheAthletesGuide.debug.xcconfig"; sourceTree = "<group>"; };
		FE7DC7136A8F64B91F5956BA /* Pods_TheAthletesGuide.framework */ = {isa = PBXFileReference; explicitFileType = wrapper.framework; includeInIndex = 0; path = Pods_TheAthletesGuide.framework; sourceTree = BUILT_PRODUCTS_DIR; };
/* End PBXFileReference section */

/* Begin PBXFrameworksBuildPhase section */
		8B087166228DDA6800D13059 /* Frameworks */ = {
			isa = PBXFrameworksBuildPhase;
			buildActionMask = 2147483647;
			files = (
				8B94B5B32297482D00330E79 /* PassKit.framework in Frameworks */,
				8B94B5B12297481B00330E79 /* AuthenticationServices.framework in Frameworks */,
				8B94B5AC2296436A00330E79 /* MapKit.framework in Frameworks */,
				B6182A5285B13AA7B14E9AB5 /* Pods_TheAthletesGuide.framework in Frameworks */,
			);
			runOnlyForDeploymentPostprocessing = 0;
		};
/* End PBXFrameworksBuildPhase section */

/* Begin PBXGroup section */
		70E6F3BB7980F67930D409AC /* Pods */ = {
			isa = PBXGroup;
			children = (
				E3632731CA4B5639F71B3CC6 /* Pods-TheAthletesGuide.debug.xcconfig */,
				547CF2C27617DB0938BFB97F /* Pods-TheAthletesGuide.release.xcconfig */,
			);
			path = Pods;
			sourceTree = "<group>";
		};
		8B087160228DDA6800D13059 = {
			isa = PBXGroup;
			children = (
				8B08716B228DDA6800D13059 /* TheAthletesGuide */,
				8B08716A228DDA6800D13059 /* Products */,
				8B94B5AA2296436900330E79 /* Frameworks */,
				70E6F3BB7980F67930D409AC /* Pods */,
			);
			sourceTree = "<group>";
		};
		8B08716A228DDA6800D13059 /* Products */ = {
			isa = PBXGroup;
			children = (
				8B087169228DDA6800D13059 /* TheAthletesGuide.app */,
			);
			name = Products;
			sourceTree = "<group>";
		};
		8B08716B228DDA6800D13059 /* TheAthletesGuide */ = {
			isa = PBXGroup;
			children = (
				8B83F62222947EF2008C2623 /* HomeModel.swift */,
				8BC87BE022D6EACF00514CA6 /* featureSetModel.swift */,
				8B83F62422947F0A008C2623 /* LocationModel.swift */,
				8BC87BDE22D54DDE00514CA6 /* featureModel.swift */,
				8BA9D14822A0753D007D6827 /* LeagueModel.swift */,
				8B81F15F22A05FB2005F4229 /* CityModel.swift */,
				8BF19D6922978E1D006338E7 /* CosmosDistrib.swift */,
				8B94B5AF2297481400330E79 /* TheAthletesGuide.entitlements */,
				8B08716C228DDA6800D13059 /* AppDelegate.swift */,
				8BB83F5C22E05EDC00FAED01 /* QuestionList */,
				8B087170228DDA6800D13059 /* SecondViewController.swift */,
				8B087172228DDA6800D13059 /* Main.storyboard */,
				8BDDDEAE22DFB31600A63611 /* boardsViewController.swift */,
				8B2CDE2622DE6627006682B4 /* StartViewController.swift */,
				8B2CDE2822DE6645006682B4 /* RegisterViewController.swift */,
				8B55DEE322D7D7D70010A004 /* featuresViewController.swift */,
				8B2CDE2422DD56E1006682B4 /* featureViewController.swift */,
				8B55DEE522D7E9FA0010A004 /* featureDetailController.swift */,
				8B7F2E3722CB0FAF003E5DDC /* CityMapViewController.swift */,
				8B7F2E3B22CB10CA003E5DDC /* CityListViewController.swift */,
				8B6E333E22C85BCC009A626F /* LoginViewController.swift */,
				8B087175228DDA7E00D13059 /* Assets.xcassets */,
				8B087177228DDA7E00D13059 /* LaunchScreen.storyboard */,
				8B08717A228DDA7E00D13059 /* Info.plist */,
				8B11529022E08A4400A01214 /* xCityModel.swift */,
				8B08716E228DDA6800D13059 /* FirstViewController.swift */,
				8B08719C228E248100D13059 /* ThirdViewController.swift */,
				8B08719E228E249200D13059 /* FourthViewController.swift */,
				8B94B5A8229642C500330E79 /* DetailViewController.swift */,
				8B94B5AD2296712100330E79 /* ZeroViewController.swift */,
				8B81F16722A06B6F005F4229 /* CityViewController.swift */,
				8B2CDE2022DD4346006682B4 /* Feature.swift */,
				8B2CDE2222DD468C006682B4 /* NetworkRequest.swift */,
				8B3AE49022DE6EB900FEC49D /* GoogleService-Info.plist */,
			);
			path = TheAthletesGuide;
			sourceTree = "<group>";
		};
		8B94B5AA2296436900330E79 /* Frameworks */ = {
			isa = PBXGroup;
			children = (
				8B11529922E08B8200A01214 /* FirebaseAuth.framework */,
				8B11529B22E08B8200A01214 /* FirebaseCore.framework */,
				8B11529D22E08B8200A01214 /* FirebaseFirestore.framework */,
				8B94B5B22297482D00330E79 /* PassKit.framework */,
				8B94B5B02297481B00330E79 /* AuthenticationServices.framework */,
				8B94B5AB2296436900330E79 /* MapKit.framework */,
				FE7DC7136A8F64B91F5956BA /* Pods_TheAthletesGuide.framework */,
			);
			name = Frameworks;
			sourceTree = "<group>";
		};
		8BB83F5C22E05EDC00FAED01 /* QuestionList */ = {
			isa = PBXGroup;
			children = (
				8BB83F5D22E05F1100FAED01 /* QuestionListViewData.swift */,
				8BB83F5F22E065AB00FAED01 /* QuestionListViewModel.swift */,
				8BFA6B3622E002C600F5C62A /* QuestionListViewController.swift */,
			);
			path = QuestionList;
			sourceTree = "<group>";
		};
/* End PBXGroup section */

/* Begin PBXNativeTarget section */
		8B087168228DDA6800D13059 /* TheAthletesGuide */ = {
			isa = PBXNativeTarget;
			buildConfigurationList = 8B087193228DDA7E00D13059 /* Build configuration list for PBXNativeTarget "TheAthletesGuide" */;
			buildPhases = (
				C6B5FCF95DB0149EB0159392 /* [CP] Check Pods Manifest.lock */,
				8B087165228DDA6800D13059 /* Sources */,
				8B087166228DDA6800D13059 /* Frameworks */,
				8B087167228DDA6800D13059 /* Resources */,
				F58513C85875723975D81717 /* [CP] Embed Pods Frameworks */,
			);
			buildRules = (
			);
			dependencies = (
			);
			name = TheAthletesGuide;
			productName = "The Athlete's Guide";
			productReference = 8B087169228DDA6800D13059 /* TheAthletesGuide.app */;
			productType = "com.apple.product-type.application";
		};
/* End PBXNativeTarget section */

/* Begin PBXProject section */
		8B087161228DDA6800D13059 /* Project object */ = {
			isa = PBXProject;
			attributes = {
				LastSwiftUpdateCheck = 1020;
				LastUpgradeCheck = 1020;
				ORGANIZATIONNAME = Ciderhouse;
				TargetAttributes = {
					8B087168228DDA6800D13059 = {
						CreatedOnToolsVersion = 10.2.1;
						SystemCapabilities = {
							com.apple.ApplePay = {
								enabled = 1;
							};
							com.apple.AutoFillCredentialProvider = {
								enabled = 1;
							};
							com.apple.DataProtection = {
								enabled = 1;
							};
							com.apple.Maps.iOS = {
								enabled = 1;
							};
							com.apple.Push = {
								enabled = 1;
							};
							com.apple.Wallet = {
								enabled = 1;
							};
						};
					};
				};
			};
			buildConfigurationList = 8B087164228DDA6800D13059 /* Build configuration list for PBXProject "TheAthletesGuide" */;
			compatibilityVersion = "Xcode 9.3";
			developmentRegion = en;
			hasScannedForEncodings = 0;
			knownRegions = (
				en,
				Base,
			);
			mainGroup = 8B087160228DDA6800D13059;
			productRefGroup = 8B08716A228DDA6800D13059 /* Products */;
			projectDirPath = "";
			projectRoot = "";
			targets = (
				8B087168228DDA6800D13059 /* TheAthletesGuide */,
			);
		};
/* End PBXProject section */

/* Begin PBXResourcesBuildPhase section */
		8B087167228DDA6800D13059 /* Resources */ = {
			isa = PBXResourcesBuildPhase;
			buildActionMask = 2147483647;
			files = (
				8B087179228DDA7E00D13059 /* LaunchScreen.storyboard in Resources */,
				8B087176228DDA7E00D13059 /* Assets.xcassets in Resources */,
				8B3AE49122DE6EB900FEC49D /* GoogleService-Info.plist in Resources */,
				8B087174228DDA6800D13059 /* Main.storyboard in Resources */,
			);
			runOnlyForDeploymentPostprocessing = 0;
		};
/* End PBXResourcesBuildPhase section */

/* Begin PBXShellScriptBuildPhase section */
		C6B5FCF95DB0149EB0159392 /* [CP] Check Pods Manifest.lock */ = {
			isa = PBXShellScriptBuildPhase;
			buildActionMask = 2147483647;
			files = (
			);
			inputFileListPaths = (
			);
			inputPaths = (
				"${PODS_PODFILE_DIR_PATH}/Podfile.lock",
				"${PODS_ROOT}/Manifest.lock",
			);
			name = "[CP] Check Pods Manifest.lock";
			outputFileListPaths = (
			);
			outputPaths = (
				"$(DERIVED_FILE_DIR)/Pods-TheAthletesGuide-checkManifestLockResult.txt",
			);
			runOnlyForDeploymentPostprocessing = 0;
			shellPath = /bin/sh;
			shellScript = "diff \"${PODS_PODFILE_DIR_PATH}/Podfile.lock\" \"${PODS_ROOT}/Manifest.lock\" > /dev/null\nif [ $? != 0 ] ; then\n    # print error to STDERR\n    echo \"error: The sandbox is not in sync with the Podfile.lock. Run 'pod install' or update your CocoaPods installation.\" >&2\n    exit 1\nfi\n# This output is used by Xcode 'outputs' to avoid re-running this script phase.\necho \"SUCCESS\" > \"${SCRIPT_OUTPUT_FILE_0}\"\n";
			showEnvVarsInLog = 0;
		};
		F58513C85875723975D81717 /* [CP] Embed Pods Frameworks */ = {
			isa = PBXShellScriptBuildPhase;
			buildActionMask = 2147483647;
			files = (
			);
			inputFileListPaths = (
				"${PODS_ROOT}/Target Support Files/Pods-TheAthletesGuide/Pods-TheAthletesGuide-frameworks-${CONFIGURATION}-input-files.xcfilelist",
			);
			name = "[CP] Embed Pods Frameworks";
			outputFileListPaths = (
				"${PODS_ROOT}/Target Support Files/Pods-TheAthletesGuide/Pods-TheAthletesGuide-frameworks-${CONFIGURATION}-output-files.xcfilelist",
			);
			runOnlyForDeploymentPostprocessing = 0;
			shellPath = /bin/sh;
			shellScript = "\"${PODS_ROOT}/Target Support Files/Pods-TheAthletesGuide/Pods-TheAthletesGuide-frameworks.sh\"\n";
			showEnvVarsInLog = 0;
		};
/* End PBXShellScriptBuildPhase section */

/* Begin PBXSourcesBuildPhase section */
		8B087165228DDA6800D13059 /* Sources */ = {
			isa = PBXSourcesBuildPhase;
			buildActionMask = 2147483647;
			files = (
				8B6E333F22C85BCC009A626F /* LoginViewController.swift in Sources */,
				8BC87BE122D6EACF00514CA6 /* featureSetModel.swift in Sources */,
				8B81F16022A05FB2005F4229 /* CityModel.swift in Sources */,
				8BDDDEAF22DFB31600A63611 /* boardsViewController.swift in Sources */,
				8B81F16822A06B6F005F4229 /* CityViewController.swift in Sources */,
				8B7F2E3822CB0FAF003E5DDC /* CityMapViewController.swift in Sources */,
				8BB83F5E22E05F1100FAED01 /* QuestionListViewData.swift in Sources */,
				8B087171228DDA6800D13059 /* SecondViewController.swift in Sources */,
				8B08716D228DDA6800D13059 /* AppDelegate.swift in Sources */,
				8BFA6B3722E002C600F5C62A /* QuestionListViewController.swift in Sources */,
				8B55DEE622D7E9FA0010A004 /* featureDetailController.swift in Sources */,
				8B2CDE2322DD468C006682B4 /* NetworkRequest.swift in Sources */,
				8BB83F6022E065AB00FAED01 /* QuestionListViewModel.swift in Sources */,
				8B11529522E08A4400A01214 /* xCityModel.swift in Sources */,
				8B55DEE422D7D7D70010A004 /* featuresViewController.swift in Sources */,
				8B2CDE2122DD4346006682B4 /* Feature.swift in Sources */,
				8B2CDE2522DD56E1006682B4 /* featureViewController.swift in Sources */,
				8BA9D14922A0753D007D6827 /* LeagueModel.swift in Sources */,
				8B83F62322947EF2008C2623 /* HomeModel.swift in Sources */,
				8BF19D6A22978E1D006338E7 /* CosmosDistrib.swift in Sources */,
				8B08719D228E248100D13059 /* ThirdViewController.swift in Sources */,
				8B2CDE2922DE6645006682B4 /* RegisterViewController.swift in Sources */,
				8B94B5A9229642C500330E79 /* DetailViewController.swift in Sources */,
				8B2CDE2722DE6627006682B4 /* StartViewController.swift in Sources */,
				8BC87BDF22D54DDE00514CA6 /* featureModel.swift in Sources */,
				8B7F2E3C22CB10CA003E5DDC /* CityListViewController.swift in Sources */,
				8B08716F228DDA6800D13059 /* FirstViewController.swift in Sources */,
				8B83F62522947F0A008C2623 /* LocationModel.swift in Sources */,
				8B94B5AE2296712100330E79 /* ZeroViewController.swift in Sources */,
				8B08719F228E249200D13059 /* FourthViewController.swift in Sources */,
			);
			runOnlyForDeploymentPostprocessing = 0;
		};
/* End PBXSourcesBuildPhase section */

/* Begin PBXVariantGroup section */
		8B087172228DDA6800D13059 /* Main.storyboard */ = {
			isa = PBXVariantGroup;
			children = (
				8B087173228DDA6800D13059 /* Base */,
			);
			name = Main.storyboard;
			sourceTree = "<group>";
		};
		8B087177228DDA7E00D13059 /* LaunchScreen.storyboard */ = {
			isa = PBXVariantGroup;
			children = (
				8B087178228DDA7E00D13059 /* Base */,
			);
			name = LaunchScreen.storyboard;
			sourceTree = "<group>";
		};
/* End PBXVariantGroup section */

/* Begin XCBuildConfiguration section */
		8B087191228DDA7E00D13059 /* Debug */ = {
			isa = XCBuildConfiguration;
			buildSettings = {
				ALWAYS_SEARCH_USER_PATHS = NO;
				CLANG_ANALYZER_NONNULL = YES;
				CLANG_ANALYZER_NUMBER_OBJECT_CONVERSION = YES_AGGRESSIVE;
				CLANG_CXX_LANGUAGE_STANDARD = "gnu++14";
				CLANG_CXX_LIBRARY = "libc++";
				CLANG_ENABLE_MODULES = YES;
				CLANG_ENABLE_OBJC_ARC = YES;
				CLANG_ENABLE_OBJC_WEAK = YES;
				CLANG_WARN_BLOCK_CAPTURE_AUTORELEASING = YES;
				CLANG_WARN_BOOL_CONVERSION = YES;
				CLANG_WARN_COMMA = YES;
				CLANG_WARN_CONSTANT_CONVERSION = YES;
				CLANG_WARN_DEPRECATED_OBJC_IMPLEMENTATIONS = YES;
				CLANG_WARN_DIRECT_OBJC_ISA_USAGE = YES_ERROR;
				CLANG_WARN_DOCUMENTATION_COMMENTS = YES;
				CLANG_WARN_EMPTY_BODY = YES;
				CLANG_WARN_ENUM_CONVERSION = YES;
				CLANG_WARN_INFINITE_RECURSION = YES;
				CLANG_WARN_INT_CONVERSION = YES;
				CLANG_WARN_NON_LITERAL_NULL_CONVERSION = YES;
				CLANG_WARN_OBJC_IMPLICIT_RETAIN_SELF = YES;
				CLANG_WARN_OBJC_LITERAL_CONVERSION = YES;
				CLANG_WARN_OBJC_ROOT_CLASS = YES_ERROR;
				CLANG_WARN_RANGE_LOOP_ANALYSIS = YES;
				CLANG_WARN_STRICT_PROTOTYPES = YES;
				CLANG_WARN_SUSPICIOUS_MOVE = YES;
				CLANG_WARN_UNGUARDED_AVAILABILITY = YES_AGGRESSIVE;
				CLANG_WARN_UNREACHABLE_CODE = YES;
				CLANG_WARN__DUPLICATE_METHOD_MATCH = YES;
				CODE_SIGN_IDENTITY = "iPhone Developer";
				COPY_PHASE_STRIP = NO;
				DEBUG_INFORMATION_FORMAT = dwarf;
				ENABLE_STRICT_OBJC_MSGSEND = YES;
				ENABLE_TESTABILITY = YES;
				GCC_C_LANGUAGE_STANDARD = gnu11;
				GCC_DYNAMIC_NO_PIC = NO;
				GCC_NO_COMMON_BLOCKS = YES;
				GCC_OPTIMIZATION_LEVEL = 0;
				GCC_PREPROCESSOR_DEFINITIONS = (
					"DEBUG=1",
					"$(inherited)",
				);
				GCC_WARN_64_TO_32_BIT_CONVERSION = YES;
				GCC_WARN_ABOUT_RETURN_TYPE = YES_ERROR;
				GCC_WARN_UNDECLARED_SELECTOR = YES;
				GCC_WARN_UNINITIALIZED_AUTOS = YES_AGGRESSIVE;
				GCC_WARN_UNUSED_FUNCTION = YES;
				GCC_WARN_UNUSED_VARIABLE = YES;
				IPHONEOS_DEPLOYMENT_TARGET = 12.2;
				MTL_ENABLE_DEBUG_INFO = INCLUDE_SOURCE;
				MTL_FAST_MATH = YES;
				ONLY_ACTIVE_ARCH = YES;
				SDKROOT = iphoneos;
				SWIFT_ACTIVE_COMPILATION_CONDITIONS = DEBUG;
				SWIFT_OPTIMIZATION_LEVEL = "-Onone";
				TARGETED_DEVICE_FAMILY = 1;
			};
			name = Debug;
		};
		8B087192228DDA7E00D13059 /* Release */ = {
			isa = XCBuildConfiguration;
			buildSettings = {
				ALWAYS_SEARCH_USER_PATHS = NO;
				CLANG_ANALYZER_NONNULL = YES;
				CLANG_ANALYZER_NUMBER_OBJECT_CONVERSION = YES_AGGRESSIVE;
				CLANG_CXX_LANGUAGE_STANDARD = "gnu++14";
				CLANG_CXX_LIBRARY = "libc++";
				CLANG_ENABLE_MODULES = YES;
				CLANG_ENABLE_OBJC_ARC = YES;
				CLANG_ENABLE_OBJC_WEAK = YES;
				CLANG_WARN_BLOCK_CAPTURE_AUTORELEASING = YES;
				CLANG_WARN_BOOL_CONVERSION = YES;
				CLANG_WARN_COMMA = YES;
				CLANG_WARN_CONSTANT_CONVERSION = YES;
				CLANG_WARN_DEPRECATED_OBJC_IMPLEMENTATIONS = YES;
				CLANG_WARN_DIRECT_OBJC_ISA_USAGE = YES_ERROR;
				CLANG_WARN_DOCUMENTATION_COMMENTS = YES;
				CLANG_WARN_EMPTY_BODY = YES;
				CLANG_WARN_ENUM_CONVERSION = YES;
				CLANG_WARN_INFINITE_RECURSION = YES;
				CLANG_WARN_INT_CONVERSION = YES;
				CLANG_WARN_NON_LITERAL_NULL_CONVERSION = YES;
				CLANG_WARN_OBJC_IMPLICIT_RETAIN_SELF = YES;
				CLANG_WARN_OBJC_LITERAL_CONVERSION = YES;
				CLANG_WARN_OBJC_ROOT_CLASS = YES_ERROR;
				CLANG_WARN_RANGE_LOOP_ANALYSIS = YES;
				CLANG_WARN_STRICT_PROTOTYPES = YES;
				CLANG_WARN_SUSPICIOUS_MOVE = YES;
				CLANG_WARN_UNGUARDED_AVAILABILITY = YES_AGGRESSIVE;
				CLANG_WARN_UNREACHABLE_CODE = YES;
				CLANG_WARN__DUPLICATE_METHOD_MATCH = YES;
				CODE_SIGN_IDENTITY = "iPhone Developer";
				COPY_PHASE_STRIP = NO;
				DEBUG_INFORMATION_FORMAT = "dwarf-with-dsym";
				ENABLE_NS_ASSERTIONS = NO;
				ENABLE_STRICT_OBJC_MSGSEND = YES;
				GCC_C_LANGUAGE_STANDARD = gnu11;
				GCC_NO_COMMON_BLOCKS = YES;
				GCC_WARN_64_TO_32_BIT_CONVERSION = YES;
				GCC_WARN_ABOUT_RETURN_TYPE = YES_ERROR;
				GCC_WARN_UNDECLARED_SELECTOR = YES;
				GCC_WARN_UNINITIALIZED_AUTOS = YES_AGGRESSIVE;
				GCC_WARN_UNUSED_FUNCTION = YES;
				GCC_WARN_UNUSED_VARIABLE = YES;
				IPHONEOS_DEPLOYMENT_TARGET = 12.2;
				MTL_ENABLE_DEBUG_INFO = NO;
				MTL_FAST_MATH = YES;
				SDKROOT = iphoneos;
				SWIFT_COMPILATION_MODE = wholemodule;
				SWIFT_OPTIMIZATION_LEVEL = "-O";
				TARGETED_DEVICE_FAMILY = 1;
				VALIDATE_PRODUCT = YES;
			};
			name = Release;
		};
		8B087194228DDA7E00D13059 /* Debug */ = {
			isa = XCBuildConfiguration;
			baseConfigurationReference = E3632731CA4B5639F71B3CC6 /* Pods-TheAthletesGuide.debug.xcconfig */;
			buildSettings = {
				ASSETCATALOG_COMPILER_APPICON_NAME = AppIcon;
				ASSETCATALOG_COMPILER_LAUNCHIMAGE_NAME = "LaunchImage-1";
				CODE_SIGN_ENTITLEMENTS = TheAthletesGuide/TheAthletesGuide.entitlements;
				CODE_SIGN_IDENTITY = "iPhone Developer";
				CODE_SIGN_STYLE = Automatic;
				DEVELOPMENT_TEAM = 77ZVZS8B6Q;
				INFOPLIST_FILE = TheAthletesGuide/Info.plist;
				LD_RUNPATH_SEARCH_PATHS = (
					"$(inherited)",
					"@executable_path/Frameworks",
				);
				PRODUCT_BUNDLE_IDENTIFIER = ciderhouse.org;
				PRODUCT_NAME = "$(TARGET_NAME)";
				PROVISIONING_PROFILE_SPECIFIER = "";
				SWIFT_VERSION = 5.0;
				TARGETED_DEVICE_FAMILY = "1,2";
			};
			name = Debug;
		};
		8B087195228DDA7E00D13059 /* Release */ = {
			isa = XCBuildConfiguration;
			baseConfigurationReference = 547CF2C27617DB0938BFB97F /* Pods-TheAthletesGuide.release.xcconfig */;
			buildSettings = {
				ASSETCATALOG_COMPILER_APPICON_NAME = AppIcon;
				ASSETCATALOG_COMPILER_LAUNCHIMAGE_NAME = "LaunchImage-1";
				CODE_SIGN_ENTITLEMENTS = TheAthletesGuide/TheAthletesGuide.entitlements;
				CODE_SIGN_IDENTITY = "iPhone Developer";
				CODE_SIGN_STYLE = Automatic;
				DEVELOPMENT_TEAM = 77ZVZS8B6Q;
				INFOPLIST_FILE = TheAthletesGuide/Info.plist;
				LD_RUNPATH_SEARCH_PATHS = (
					"$(inherited)",
					"@executable_path/Frameworks",
				);
				PRODUCT_BUNDLE_IDENTIFIER = ciderhouse.org;
				PRODUCT_NAME = "$(TARGET_NAME)";
				PROVISIONING_PROFILE_SPECIFIER = "";
				SWIFT_VERSION = 5.0;
				TARGETED_DEVICE_FAMILY = "1,2";
			};
			name = Release;
		};
/* End XCBuildConfiguration section */

/* Begin XCConfigurationList section */
		8B087164228DDA6800D13059 /* Build configuration list for PBXProject "TheAthletesGuide" */ = {
			isa = XCConfigurationList;
			buildConfigurations = (
				8B087191228DDA7E00D13059 /* Debug */,
				8B087192228DDA7E00D13059 /* Release */,
			);
			defaultConfigurationIsVisible = 0;
			defaultConfigurationName = Release;
		};
		8B087193228DDA7E00D13059 /* Build configuration list for PBXNativeTarget "TheAthletesGuide" */ = {
			isa = XCConfigurationList;
			buildConfigurations = (
				8B087194228DDA7E00D13059 /* Debug */,
				8B087195228DDA7E00D13059 /* Release */,
			);
			defaultConfigurationIsVisible = 0;
			defaultConfigurationName = Release;
		};
/* End XCConfigurationList section */
	};
	rootObject = 8B087161228DDA6800D13059 /* Project object */;
}
